
Microsoft Visual Studio Solution File, Format Version 12.00
# Visual Studio Version 17
VisualStudioVersion = 17.6.33829.357
MinimumVisualStudioVersion = 10.0.40219.1
Project("{FAE04EC0-301F-11D3-BF4B-00C04F79EFBC}") = "SniperGame2", "SniperGame2\SniperGame2.csproj", "{AA5D3ADC-07AE-42A2-9EE4-4AA1F8C04BE9}"
EndProject
Global
	GlobalSection(SolutionConfigurationPlatforms) = preSolution
		Debug|Any CPU = Debug|Any CPU
		Release|Any CPU = Release|Any CPU
	EndGlobalSection
	GlobalSection(ProjectConfigurationPlatforms) = postSolution
		{AA5D3ADC-07AE-42A2-9EE4-4AA1F8C04BE9}.Debug|Any CPU.ActiveCfg = Debug|Any CPU
		{AA5D3ADC-07AE-42A2-9EE4-4AA1F8C04BE9}.Debug|Any CPU.Build.0 = Debug|Any CPU
		{AA5D3ADC-07AE-42A2-9EE4-4AA1F8C04BE9}.Release|Any CPU.ActiveCfg = Release|Any CPU
		{AA5D3ADC-07AE-42A2-9EE4-4AA1F8C04BE9}.Release|Any CPU.Build.0 = Release|Any CPU
	EndGlobalSection
	GlobalSection(SolutionProperties) = preSolution
		HideSolutionNode = FALSE
	EndGlobalSection
	GlobalSection(ExtensibilityGlobals) = postSolution
		SolutionGuid = {45D5E64E-B281-439F-8B38-C66B87338C0E}
	EndGlobalSection
EndGlobal
